
Microsoft Visual Studio Solution File, Format Version 12.00
# Visual Studio Version 17
VisualStudioVersion = 17.5.002.0
MinimumVisualStudioVersion = 10.0.40219.1
Project("{9A19103F-16F7-4668-BE54-9A1E7A4F7556}") = "TrilloBackend", "TrilloBackend.csproj", "{0214ABB8-555D-4733-BF94-C62B12F88BF3}"
EndProject
Global
	GlobalSection(SolutionConfigurationPlatforms) = preSolution
		Debug|Any CPU = Debug|Any CPU
		Release|Any CPU = Release|Any CPU
	EndGlobalSection
	GlobalSection(ProjectConfigurationPlatforms) = postSolution
		{0214ABB8-555D-4733-BF94-C62B12F88BF3}.Debug|Any CPU.ActiveCfg = Debug|Any CPU
		{0214ABB8-555D-4733-BF94-C62B12F88BF3}.Debug|Any CPU.Build.0 = Debug|Any CPU
		{0214ABB8-555D-4733-BF94-C62B12F88BF3}.Release|Any CPU.ActiveCfg = Release|Any CPU
		{0214ABB8-555D-4733-BF94-C62B12F88BF3}.Release|Any CPU.Build.0 = Release|Any CPU
	EndGlobalSection
	GlobalSection(SolutionProperties) = preSolution
		HideSolutionNode = FALSE
	EndGlobalSection
	GlobalSection(ExtensibilityGlobals) = postSolution
		SolutionGuid = {A4FE057A-B985-457C-9A92-A0A9793AEF55}
	EndGlobalSection
EndGlobal
